{
  "originHash" : "1a1ba5765abe415a815df12835f584187ef29c6e7c7f43d64a9864665a603514",
  "pins" : [
    {
      "identity" : "truvideo-sdk-ios-camera",
      "kind" : "remoteSourceControl",
      "location" : "https://github.com/Truvideo/truvideo-sdk-ios-camera.git",
      "state" : {
        "revision" : "69a32f10d6b6bbb8e0cdf63493327b02fab2f162",
        "version" : "76.7.3"
      }
    }
  ],
  "version" : 3
}
