{
  "originHash" : "3d84d97908684edea5601e7cf513e9a9548b812088d0184160cc9287ab19abf2",
  "pins" : [
    {
      "identity" : "truvideo-sdk-ios-camera",
      "kind" : "remoteSourceControl",
      "location" : "https://github.com/Truvideo/truvideo-sdk-ios-camera.git",
      "state" : {
        "revision" : "b0f6ecae8f50a804e8dd8fe547683d18a5b7fe57",
        "version" : "76.2.1"
      }
    }
  ],
  "version" : 3
}
